
Microsoft Visual Studio Solution File, Format Version 9.00
# Visual Studio 2005
Project("{FAE04EC0-301F-11D3-BF4B-00C04F79EFBC}") = "3", "3\3.csproj", "{574A7AD0-BE85-4513-A7B4-6E700F60CDC6}"
EndProject
Global
	GlobalSection(SolutionConfigurationPlatforms) = preSolution
		Debug|Any CPU = Debug|Any CPU
		Release|Any CPU = Release|Any CPU
	EndGlobalSection
	GlobalSection(ProjectConfigurationPlatforms) = postSolution
		{574A7AD0-BE85-4513-A7B4-6E700F60CDC6}.Debug|Any CPU.ActiveCfg = Debug|Any CPU
		{574A7AD0-BE85-4513-A7B4-6E700F60CDC6}.Debug|Any CPU.Build.0 = Debug|Any CPU
		{574A7AD0-BE85-4513-A7B4-6E700F60CDC6}.Release|Any CPU.ActiveCfg = Release|Any CPU
		{574A7AD0-BE85-4513-A7B4-6E700F60CDC6}.Release|Any CPU.Build.0 = Release|Any CPU
	EndGlobalSection
	GlobalSection(SolutionProperties) = preSolution
		HideSolutionNode = FALSE
	EndGlobalSection
EndGlobal
