
Microsoft Visual Studio Solution File, Format Version 9.00
# Visual Studio 2005
Project("{FAE04EC0-301F-11D3-BF4B-00C04F79EFBC}") = "Test11", "Test11\Test11.csproj", "{FF182AAD-1255-454B-BE07-8F129E8D155E}"
EndProject
Global
	GlobalSection(SolutionConfigurationPlatforms) = preSolution
		Debug|Any CPU = Debug|Any CPU
		Release|Any CPU = Release|Any CPU
	EndGlobalSection
	GlobalSection(ProjectConfigurationPlatforms) = postSolution
		{FF182AAD-1255-454B-BE07-8F129E8D155E}.Debug|Any CPU.ActiveCfg = Debug|Any CPU
		{FF182AAD-1255-454B-BE07-8F129E8D155E}.Debug|Any CPU.Build.0 = Debug|Any CPU
		{FF182AAD-1255-454B-BE07-8F129E8D155E}.Release|Any CPU.ActiveCfg = Release|Any CPU
		{FF182AAD-1255-454B-BE07-8F129E8D155E}.Release|Any CPU.Build.0 = Release|Any CPU
	EndGlobalSection
	GlobalSection(SolutionProperties) = preSolution
		HideSolutionNode = FALSE
	EndGlobalSection
EndGlobal
