
Microsoft Visual Studio Solution File, Format Version 9.00
# Visual Studio 2005
Project("{FAE04EC0-301F-11D3-BF4B-00C04F79EFBC}") = "5", "5\5.csproj", "{89097CE6-8D83-4352-BBA0-D16607431BDE}"
EndProject
Global
	GlobalSection(SolutionConfigurationPlatforms) = preSolution
		Debug|Any CPU = Debug|Any CPU
		Release|Any CPU = Release|Any CPU
	EndGlobalSection
	GlobalSection(ProjectConfigurationPlatforms) = postSolution
		{89097CE6-8D83-4352-BBA0-D16607431BDE}.Debug|Any CPU.ActiveCfg = Debug|Any CPU
		{89097CE6-8D83-4352-BBA0-D16607431BDE}.Debug|Any CPU.Build.0 = Debug|Any CPU
		{89097CE6-8D83-4352-BBA0-D16607431BDE}.Release|Any CPU.ActiveCfg = Release|Any CPU
		{89097CE6-8D83-4352-BBA0-D16607431BDE}.Release|Any CPU.Build.0 = Release|Any CPU
	EndGlobalSection
	GlobalSection(SolutionProperties) = preSolution
		HideSolutionNode = FALSE
	EndGlobalSection
EndGlobal
