
Microsoft Visual Studio Solution File, Format Version 9.00
# Visual Studio 2005
Project("{FAE04EC0-301F-11D3-BF4B-00C04F79EFBC}") = "6", "6\6.csproj", "{A057F203-19A5-49E3-8F60-AFCA65014ECB}"
EndProject
Global
	GlobalSection(SolutionConfigurationPlatforms) = preSolution
		Debug|Any CPU = Debug|Any CPU
		Release|Any CPU = Release|Any CPU
	EndGlobalSection
	GlobalSection(ProjectConfigurationPlatforms) = postSolution
		{A057F203-19A5-49E3-8F60-AFCA65014ECB}.Debug|Any CPU.ActiveCfg = Debug|Any CPU
		{A057F203-19A5-49E3-8F60-AFCA65014ECB}.Debug|Any CPU.Build.0 = Debug|Any CPU
		{A057F203-19A5-49E3-8F60-AFCA65014ECB}.Release|Any CPU.ActiveCfg = Release|Any CPU
		{A057F203-19A5-49E3-8F60-AFCA65014ECB}.Release|Any CPU.Build.0 = Release|Any CPU
	EndGlobalSection
	GlobalSection(SolutionProperties) = preSolution
		HideSolutionNode = FALSE
	EndGlobalSection
EndGlobal
