
Microsoft Visual Studio Solution File, Format Version 9.00
# Visual Studio 2005
Project("{FAE04EC0-301F-11D3-BF4B-00C04F79EFBC}") = "Test13", "Test13\Test13.csproj", "{EACCD7D1-FDE6-4F3D-958E-30F3688F6A35}"
EndProject
Global
	GlobalSection(SolutionConfigurationPlatforms) = preSolution
		Debug|Any CPU = Debug|Any CPU
		Release|Any CPU = Release|Any CPU
	EndGlobalSection
	GlobalSection(ProjectConfigurationPlatforms) = postSolution
		{EACCD7D1-FDE6-4F3D-958E-30F3688F6A35}.Debug|Any CPU.ActiveCfg = Debug|Any CPU
		{EACCD7D1-FDE6-4F3D-958E-30F3688F6A35}.Debug|Any CPU.Build.0 = Debug|Any CPU
		{EACCD7D1-FDE6-4F3D-958E-30F3688F6A35}.Release|Any CPU.ActiveCfg = Release|Any CPU
		{EACCD7D1-FDE6-4F3D-958E-30F3688F6A35}.Release|Any CPU.Build.0 = Release|Any CPU
	EndGlobalSection
	GlobalSection(SolutionProperties) = preSolution
		HideSolutionNode = FALSE
	EndGlobalSection
EndGlobal
