
Microsoft Visual Studio Solution File, Format Version 9.00
# Visual Studio 2005
Project("{FAE04EC0-301F-11D3-BF4B-00C04F79EFBC}") = "3", "3\3.csproj", "{544B2D22-48D5-4CBD-8B41-7660892B2A07}"
EndProject
Global
	GlobalSection(SolutionConfigurationPlatforms) = preSolution
		Debug|Any CPU = Debug|Any CPU
		Release|Any CPU = Release|Any CPU
	EndGlobalSection
	GlobalSection(ProjectConfigurationPlatforms) = postSolution
		{544B2D22-48D5-4CBD-8B41-7660892B2A07}.Debug|Any CPU.ActiveCfg = Debug|Any CPU
		{544B2D22-48D5-4CBD-8B41-7660892B2A07}.Debug|Any CPU.Build.0 = Debug|Any CPU
		{544B2D22-48D5-4CBD-8B41-7660892B2A07}.Release|Any CPU.ActiveCfg = Release|Any CPU
		{544B2D22-48D5-4CBD-8B41-7660892B2A07}.Release|Any CPU.Build.0 = Release|Any CPU
	EndGlobalSection
	GlobalSection(SolutionProperties) = preSolution
		HideSolutionNode = FALSE
	EndGlobalSection
EndGlobal
