
Microsoft Visual Studio Solution File, Format Version 9.00
# Visual Studio 2005
Project("{FAE04EC0-301F-11D3-BF4B-00C04F79EFBC}") = "4", "4\4.csproj", "{B79CB0E2-AFA0-40C2-9DDC-646BB27D40B0}"
EndProject
Global
	GlobalSection(SolutionConfigurationPlatforms) = preSolution
		Debug|Any CPU = Debug|Any CPU
		Release|Any CPU = Release|Any CPU
	EndGlobalSection
	GlobalSection(ProjectConfigurationPlatforms) = postSolution
		{B79CB0E2-AFA0-40C2-9DDC-646BB27D40B0}.Debug|Any CPU.ActiveCfg = Debug|Any CPU
		{B79CB0E2-AFA0-40C2-9DDC-646BB27D40B0}.Debug|Any CPU.Build.0 = Debug|Any CPU
		{B79CB0E2-AFA0-40C2-9DDC-646BB27D40B0}.Release|Any CPU.ActiveCfg = Release|Any CPU
		{B79CB0E2-AFA0-40C2-9DDC-646BB27D40B0}.Release|Any CPU.Build.0 = Release|Any CPU
	EndGlobalSection
	GlobalSection(SolutionProperties) = preSolution
		HideSolutionNode = FALSE
	EndGlobalSection
EndGlobal
