
Microsoft Visual Studio Solution File, Format Version 9.00
# Visual Studio 2005
Project("{FAE04EC0-301F-11D3-BF4B-00C04F79EFBC}") = "Test03", "Test03\Test03.csproj", "{06ABA92A-7D29-4958-9A75-A6CE84124608}"
EndProject
Global
	GlobalSection(SolutionConfigurationPlatforms) = preSolution
		Debug|Any CPU = Debug|Any CPU
		Release|Any CPU = Release|Any CPU
	EndGlobalSection
	GlobalSection(ProjectConfigurationPlatforms) = postSolution
		{06ABA92A-7D29-4958-9A75-A6CE84124608}.Debug|Any CPU.ActiveCfg = Debug|Any CPU
		{06ABA92A-7D29-4958-9A75-A6CE84124608}.Debug|Any CPU.Build.0 = Debug|Any CPU
		{06ABA92A-7D29-4958-9A75-A6CE84124608}.Release|Any CPU.ActiveCfg = Release|Any CPU
		{06ABA92A-7D29-4958-9A75-A6CE84124608}.Release|Any CPU.Build.0 = Release|Any CPU
	EndGlobalSection
	GlobalSection(SolutionProperties) = preSolution
		HideSolutionNode = FALSE
	EndGlobalSection
EndGlobal
