
Microsoft Visual Studio Solution File, Format Version 9.00
# Visual Studio 2005
Project("{FAE04EC0-301F-11D3-BF4B-00C04F79EFBC}") = "Test13", "Test13\Test13.csproj", "{EE99A3A6-7286-4AF5-9BF2-4844460657BE}"
EndProject
Global
	GlobalSection(SolutionConfigurationPlatforms) = preSolution
		Debug|Any CPU = Debug|Any CPU
		Release|Any CPU = Release|Any CPU
	EndGlobalSection
	GlobalSection(ProjectConfigurationPlatforms) = postSolution
		{EE99A3A6-7286-4AF5-9BF2-4844460657BE}.Debug|Any CPU.ActiveCfg = Debug|Any CPU
		{EE99A3A6-7286-4AF5-9BF2-4844460657BE}.Debug|Any CPU.Build.0 = Debug|Any CPU
		{EE99A3A6-7286-4AF5-9BF2-4844460657BE}.Release|Any CPU.ActiveCfg = Release|Any CPU
		{EE99A3A6-7286-4AF5-9BF2-4844460657BE}.Release|Any CPU.Build.0 = Release|Any CPU
	EndGlobalSection
	GlobalSection(SolutionProperties) = preSolution
		HideSolutionNode = FALSE
	EndGlobalSection
EndGlobal
