
Microsoft Visual Studio Solution File, Format Version 9.00
# Visual Studio 2005
Project("{FAE04EC0-301F-11D3-BF4B-00C04F79EFBC}") = "4", "4\4.csproj", "{058FF3A1-C86A-426E-AD5B-207B5628E893}"
EndProject
Global
	GlobalSection(SolutionConfigurationPlatforms) = preSolution
		Debug|Any CPU = Debug|Any CPU
		Release|Any CPU = Release|Any CPU
	EndGlobalSection
	GlobalSection(ProjectConfigurationPlatforms) = postSolution
		{058FF3A1-C86A-426E-AD5B-207B5628E893}.Debug|Any CPU.ActiveCfg = Debug|Any CPU
		{058FF3A1-C86A-426E-AD5B-207B5628E893}.Debug|Any CPU.Build.0 = Debug|Any CPU
		{058FF3A1-C86A-426E-AD5B-207B5628E893}.Release|Any CPU.ActiveCfg = Release|Any CPU
		{058FF3A1-C86A-426E-AD5B-207B5628E893}.Release|Any CPU.Build.0 = Release|Any CPU
	EndGlobalSection
	GlobalSection(SolutionProperties) = preSolution
		HideSolutionNode = FALSE
	EndGlobalSection
EndGlobal
