
Microsoft Visual Studio Solution File, Format Version 9.00
# Visual Studio 2005
Project("{FAE04EC0-301F-11D3-BF4B-00C04F79EFBC}") = "Test09", "Test09\Test09.csproj", "{ABA77D20-4C69-4DC5-B877-AA4955F4127B}"
EndProject
Global
	GlobalSection(SolutionConfigurationPlatforms) = preSolution
		Debug|Any CPU = Debug|Any CPU
		Release|Any CPU = Release|Any CPU
	EndGlobalSection
	GlobalSection(ProjectConfigurationPlatforms) = postSolution
		{ABA77D20-4C69-4DC5-B877-AA4955F4127B}.Debug|Any CPU.ActiveCfg = Debug|Any CPU
		{ABA77D20-4C69-4DC5-B877-AA4955F4127B}.Debug|Any CPU.Build.0 = Debug|Any CPU
		{ABA77D20-4C69-4DC5-B877-AA4955F4127B}.Release|Any CPU.ActiveCfg = Release|Any CPU
		{ABA77D20-4C69-4DC5-B877-AA4955F4127B}.Release|Any CPU.Build.0 = Release|Any CPU
	EndGlobalSection
	GlobalSection(SolutionProperties) = preSolution
		HideSolutionNode = FALSE
	EndGlobalSection
EndGlobal
