
Microsoft Visual Studio Solution File, Format Version 9.00
# Visual Studio 2005
Project("{FAE04EC0-301F-11D3-BF4B-00C04F79EFBC}") = "Test10", "Test10\Test10.csproj", "{AB962C0F-CB72-4AF1-AADD-119CB9863509}"
EndProject
Global
	GlobalSection(SolutionConfigurationPlatforms) = preSolution
		Debug|Any CPU = Debug|Any CPU
		Release|Any CPU = Release|Any CPU
	EndGlobalSection
	GlobalSection(ProjectConfigurationPlatforms) = postSolution
		{AB962C0F-CB72-4AF1-AADD-119CB9863509}.Debug|Any CPU.ActiveCfg = Debug|Any CPU
		{AB962C0F-CB72-4AF1-AADD-119CB9863509}.Debug|Any CPU.Build.0 = Debug|Any CPU
		{AB962C0F-CB72-4AF1-AADD-119CB9863509}.Release|Any CPU.ActiveCfg = Release|Any CPU
		{AB962C0F-CB72-4AF1-AADD-119CB9863509}.Release|Any CPU.Build.0 = Release|Any CPU
	EndGlobalSection
	GlobalSection(SolutionProperties) = preSolution
		HideSolutionNode = FALSE
	EndGlobalSection
EndGlobal
