
Microsoft Visual Studio Solution File, Format Version 9.00
# Visual Studio 2005
Project("{FAE04EC0-301F-11D3-BF4B-00C04F79EFBC}") = "Test06", "Test06\Test06.csproj", "{7DEFE285-2EAF-4401-85A8-6BC9B6971815}"
EndProject
Global
	GlobalSection(SolutionConfigurationPlatforms) = preSolution
		Debug|Any CPU = Debug|Any CPU
		Release|Any CPU = Release|Any CPU
	EndGlobalSection
	GlobalSection(ProjectConfigurationPlatforms) = postSolution
		{7DEFE285-2EAF-4401-85A8-6BC9B6971815}.Debug|Any CPU.ActiveCfg = Debug|Any CPU
		{7DEFE285-2EAF-4401-85A8-6BC9B6971815}.Debug|Any CPU.Build.0 = Debug|Any CPU
		{7DEFE285-2EAF-4401-85A8-6BC9B6971815}.Release|Any CPU.ActiveCfg = Release|Any CPU
		{7DEFE285-2EAF-4401-85A8-6BC9B6971815}.Release|Any CPU.Build.0 = Release|Any CPU
	EndGlobalSection
	GlobalSection(SolutionProperties) = preSolution
		HideSolutionNode = FALSE
	EndGlobalSection
EndGlobal
