
Microsoft Visual Studio Solution File, Format Version 9.00
# Visual Studio 2005
Project("{FAE04EC0-301F-11D3-BF4B-00C04F79EFBC}") = "Test12", "Test12\Test12.csproj", "{88A5E313-2B32-4BAE-ABED-1F92D956955A}"
EndProject
Global
	GlobalSection(SolutionConfigurationPlatforms) = preSolution
		Debug|Any CPU = Debug|Any CPU
		Release|Any CPU = Release|Any CPU
	EndGlobalSection
	GlobalSection(ProjectConfigurationPlatforms) = postSolution
		{88A5E313-2B32-4BAE-ABED-1F92D956955A}.Debug|Any CPU.ActiveCfg = Debug|Any CPU
		{88A5E313-2B32-4BAE-ABED-1F92D956955A}.Debug|Any CPU.Build.0 = Debug|Any CPU
		{88A5E313-2B32-4BAE-ABED-1F92D956955A}.Release|Any CPU.ActiveCfg = Release|Any CPU
		{88A5E313-2B32-4BAE-ABED-1F92D956955A}.Release|Any CPU.Build.0 = Release|Any CPU
	EndGlobalSection
	GlobalSection(SolutionProperties) = preSolution
		HideSolutionNode = FALSE
	EndGlobalSection
EndGlobal
