
Microsoft Visual Studio Solution File, Format Version 9.00
# Visual Studio 2005
Project("{FAE04EC0-301F-11D3-BF4B-00C04F79EFBC}") = "Test19", "Test19\Test19.csproj", "{96FB8616-649D-48C3-B4D7-11FD2297B4DD}"
EndProject
Global
	GlobalSection(SolutionConfigurationPlatforms) = preSolution
		Debug|Any CPU = Debug|Any CPU
		Release|Any CPU = Release|Any CPU
	EndGlobalSection
	GlobalSection(ProjectConfigurationPlatforms) = postSolution
		{96FB8616-649D-48C3-B4D7-11FD2297B4DD}.Debug|Any CPU.ActiveCfg = Debug|Any CPU
		{96FB8616-649D-48C3-B4D7-11FD2297B4DD}.Debug|Any CPU.Build.0 = Debug|Any CPU
		{96FB8616-649D-48C3-B4D7-11FD2297B4DD}.Release|Any CPU.ActiveCfg = Release|Any CPU
		{96FB8616-649D-48C3-B4D7-11FD2297B4DD}.Release|Any CPU.Build.0 = Release|Any CPU
	EndGlobalSection
	GlobalSection(SolutionProperties) = preSolution
		HideSolutionNode = FALSE
	EndGlobalSection
EndGlobal
